
Microsoft Visual Studio Solution File, Format Version 12.00
# Visual Studio 15
VisualStudioVersion = 15.0.26228.10
MinimumVisualStudioVersion = 10.0.40219.1
Project("{2150E333-8FDC-42A3-9474-1A3956D46DE8}") = "src", "src", "{FBC5E607-5213-438D-B6F7-C53CFA4E0ED4}"
EndProject
Project("{FAE04EC0-301F-11D3-BF4B-00C04F79EFBC}") = "DropIt.Mobile.Core", "src\DropIt.Mobile.Core\DropIt.Mobile.Core.csproj", "{085A9A7B-1C54-4CB2-ADBA-14B976F2AB41}"
EndProject
Project("{FAE04EC0-301F-11D3-BF4B-00C04F79EFBC}") = "DropIt.Mobile.Droid", "src\DropIt.Mobile.Droid\DropIt.Mobile.Droid.csproj", "{09631EFE-9857-4085-AD25-F94E515CA28F}"
EndProject
Project("{FAE04EC0-301F-11D3-BF4B-00C04F79EFBC}") = "DropIt.Mobile.iOS", "src\DropIt.Mobile.iOS\DropIt.Mobile.iOS.csproj", "{FFA2F4C7-0804-4DBF-A470-889EF5B810A0}"
EndProject
Project("{FAE04EC0-301F-11D3-BF4B-00C04F79EFBC}") = "DropIt.Web.Client", "src\DropIt.Web.Client\DropIt.Web.Client.csproj", "{67F9D3A8-F71E-4428-913F-C37AE82CDB24}"
EndProject
Project("{FAE04EC0-301F-11D3-BF4B-00C04F79EFBC}") = "DropIt.Mobile.Uwp", "src\DropIt.Mobile.Uwp\DropIt.Mobile.Uwp.csproj", "{251F57EF-A4C4-4C66-8BAA-1B0D3D0CD5B9}"
EndProject
Project("{9A19103F-16F7-4668-BE54-9A1E7A4F7556}") = "DropIt.Web", "src\DropIt.Web\DropIt.Web.csproj", "{07DE7C59-0783-4CA4-A50E-9227BAA0DD72}"
EndProject
Global
	GlobalSection(SolutionConfigurationPlatforms) = preSolution
		Debug|Any CPU = Debug|Any CPU
		Debug|ARM = Debug|ARM
		Debug|iPhone = Debug|iPhone
		Debug|iPhoneSimulator = Debug|iPhoneSimulator
		Debug|x64 = Debug|x64
		Debug|x86 = Debug|x86
		Release|Any CPU = Release|Any CPU
		Release|ARM = Release|ARM
		Release|iPhone = Release|iPhone
		Release|iPhoneSimulator = Release|iPhoneSimulator
		Release|x64 = Release|x64
		Release|x86 = Release|x86
	EndGlobalSection
	GlobalSection(ProjectConfigurationPlatforms) = postSolution
		{085A9A7B-1C54-4CB2-ADBA-14B976F2AB41}.Debug|Any CPU.ActiveCfg = Debug|Any CPU
		{085A9A7B-1C54-4CB2-ADBA-14B976F2AB41}.Debug|Any CPU.Build.0 = Debug|Any CPU
		{085A9A7B-1C54-4CB2-ADBA-14B976F2AB41}.Debug|ARM.ActiveCfg = Debug|Any CPU
		{085A9A7B-1C54-4CB2-ADBA-14B976F2AB41}.Debug|ARM.Build.0 = Debug|Any CPU
		{085A9A7B-1C54-4CB2-ADBA-14B976F2AB41}.Debug|iPhone.ActiveCfg = Debug|Any CPU
		{085A9A7B-1C54-4CB2-ADBA-14B976F2AB41}.Debug|iPhone.Build.0 = Debug|Any CPU
		{085A9A7B-1C54-4CB2-ADBA-14B976F2AB41}.Debug|iPhoneSimulator.ActiveCfg = Debug|Any CPU
		{085A9A7B-1C54-4CB2-ADBA-14B976F2AB41}.Debug|iPhoneSimulator.Build.0 = Debug|Any CPU
		{085A9A7B-1C54-4CB2-ADBA-14B976F2AB41}.Debug|x64.ActiveCfg = Debug|Any CPU
		{085A9A7B-1C54-4CB2-ADBA-14B976F2AB41}.Debug|x64.Build.0 = Debug|Any CPU
		{085A9A7B-1C54-4CB2-ADBA-14B976F2AB41}.Debug|x86.ActiveCfg = Debug|Any CPU
		{085A9A7B-1C54-4CB2-ADBA-14B976F2AB41}.Debug|x86.Build.0 = Debug|Any CPU
		{085A9A7B-1C54-4CB2-ADBA-14B976F2AB41}.Release|Any CPU.ActiveCfg = Release|Any CPU
		{085A9A7B-1C54-4CB2-ADBA-14B976F2AB41}.Release|Any CPU.Build.0 = Release|Any CPU
		{085A9A7B-1C54-4CB2-ADBA-14B976F2AB41}.Release|ARM.ActiveCfg = Release|Any CPU
		{085A9A7B-1C54-4CB2-ADBA-14B976F2AB41}.Release|ARM.Build.0 = Release|Any CPU
		{085A9A7B-1C54-4CB2-ADBA-14B976F2AB41}.Release|iPhone.ActiveCfg = Release|Any CPU
		{085A9A7B-1C54-4CB2-ADBA-14B976F2AB41}.Release|iPhone.Build.0 = Release|Any CPU
		{085A9A7B-1C54-4CB2-ADBA-14B976F2AB41}.Release|iPhoneSimulator.ActiveCfg = Release|Any CPU
		{085A9A7B-1C54-4CB2-ADBA-14B976F2AB41}.Release|iPhoneSimulator.Build.0 = Release|Any CPU
		{085A9A7B-1C54-4CB2-ADBA-14B976F2AB41}.Release|x64.ActiveCfg = Release|Any CPU
		{085A9A7B-1C54-4CB2-ADBA-14B976F2AB41}.Release|x64.Build.0 = Release|Any CPU
		{085A9A7B-1C54-4CB2-ADBA-14B976F2AB41}.Release|x86.ActiveCfg = Release|Any CPU
		{085A9A7B-1C54-4CB2-ADBA-14B976F2AB41}.Release|x86.Build.0 = Release|Any CPU
		{09631EFE-9857-4085-AD25-F94E515CA28F}.Debug|Any CPU.ActiveCfg = Debug|Any CPU
		{09631EFE-9857-4085-AD25-F94E515CA28F}.Debug|Any CPU.Build.0 = Debug|Any CPU
		{09631EFE-9857-4085-AD25-F94E515CA28F}.Debug|Any CPU.Deploy.0 = Debug|Any CPU
		{09631EFE-9857-4085-AD25-F94E515CA28F}.Debug|ARM.ActiveCfg = Debug|Any CPU
		{09631EFE-9857-4085-AD25-F94E515CA28F}.Debug|ARM.Build.0 = Debug|Any CPU
		{09631EFE-9857-4085-AD25-F94E515CA28F}.Debug|ARM.Deploy.0 = Debug|Any CPU
		{09631EFE-9857-4085-AD25-F94E515CA28F}.Debug|iPhone.ActiveCfg = Debug|Any CPU
		{09631EFE-9857-4085-AD25-F94E515CA28F}.Debug|iPhone.Build.0 = Debug|Any CPU
		{09631EFE-9857-4085-AD25-F94E515CA28F}.Debug|iPhoneSimulator.ActiveCfg = Debug|Any CPU
		{09631EFE-9857-4085-AD25-F94E515CA28F}.Debug|iPhoneSimulator.Build.0 = Debug|Any CPU
		{09631EFE-9857-4085-AD25-F94E515CA28F}.Debug|x64.ActiveCfg = Debug|Any CPU
		{09631EFE-9857-4085-AD25-F94E515CA28F}.Debug|x64.Build.0 = Debug|Any CPU
		{09631EFE-9857-4085-AD25-F94E515CA28F}.Debug|x64.Deploy.0 = Debug|Any CPU
		{09631EFE-9857-4085-AD25-F94E515CA28F}.Debug|x86.ActiveCfg = Debug|Any CPU
		{09631EFE-9857-4085-AD25-F94E515CA28F}.Debug|x86.Build.0 = Debug|Any CPU
		{09631EFE-9857-4085-AD25-F94E515CA28F}.Debug|x86.Deploy.0 = Debug|Any CPU
		{09631EFE-9857-4085-AD25-F94E515CA28F}.Release|Any CPU.ActiveCfg = Release|Any CPU
		{09631EFE-9857-4085-AD25-F94E515CA28F}.Release|Any CPU.Build.0 = Release|Any CPU
		{09631EFE-9857-4085-AD25-F94E515CA28F}.Release|ARM.ActiveCfg = Release|Any CPU
		{09631EFE-9857-4085-AD25-F94E515CA28F}.Release|ARM.Build.0 = Release|Any CPU
		{09631EFE-9857-4085-AD25-F94E515CA28F}.Release|ARM.Deploy.0 = Release|Any CPU
		{09631EFE-9857-4085-AD25-F94E515CA28F}.Release|iPhone.ActiveCfg = Release|Any CPU
		{09631EFE-9857-4085-AD25-F94E515CA28F}.Release|iPhone.Build.0 = Release|Any CPU
		{09631EFE-9857-4085-AD25-F94E515CA28F}.Release|iPhoneSimulator.ActiveCfg = Release|Any CPU
		{09631EFE-9857-4085-AD25-F94E515CA28F}.Release|iPhoneSimulator.Build.0 = Release|Any CPU
		{09631EFE-9857-4085-AD25-F94E515CA28F}.Release|x64.ActiveCfg = Release|Any CPU
		{09631EFE-9857-4085-AD25-F94E515CA28F}.Release|x64.Build.0 = Release|Any CPU
		{09631EFE-9857-4085-AD25-F94E515CA28F}.Release|x64.Deploy.0 = Release|Any CPU
		{09631EFE-9857-4085-AD25-F94E515CA28F}.Release|x86.ActiveCfg = Release|Any CPU
		{09631EFE-9857-4085-AD25-F94E515CA28F}.Release|x86.Build.0 = Release|Any CPU
		{09631EFE-9857-4085-AD25-F94E515CA28F}.Release|x86.Deploy.0 = Release|Any CPU
		{FFA2F4C7-0804-4DBF-A470-889EF5B810A0}.Debug|Any CPU.ActiveCfg = Debug|iPhoneSimulator
		{FFA2F4C7-0804-4DBF-A470-889EF5B810A0}.Debug|Any CPU.Build.0 = Debug|iPhoneSimulator
		{FFA2F4C7-0804-4DBF-A470-889EF5B810A0}.Debug|ARM.ActiveCfg = Debug|iPhone
		{FFA2F4C7-0804-4DBF-A470-889EF5B810A0}.Debug|iPhone.ActiveCfg = Debug|iPhone
		{FFA2F4C7-0804-4DBF-A470-889EF5B810A0}.Debug|iPhone.Build.0 = Debug|iPhone
		{FFA2F4C7-0804-4DBF-A470-889EF5B810A0}.Debug|iPhoneSimulator.ActiveCfg = Debug|iPhoneSimulator
		{FFA2F4C7-0804-4DBF-A470-889EF5B810A0}.Debug|iPhoneSimulator.Build.0 = Debug|iPhoneSimulator
		{FFA2F4C7-0804-4DBF-A470-889EF5B810A0}.Debug|x64.ActiveCfg = Debug|iPhone
		{FFA2F4C7-0804-4DBF-A470-889EF5B810A0}.Debug|x86.ActiveCfg = Debug|iPhone
		{FFA2F4C7-0804-4DBF-A470-889EF5B810A0}.Release|Any CPU.ActiveCfg = Release|iPhone
		{FFA2F4C7-0804-4DBF-A470-889EF5B810A0}.Release|Any CPU.Build.0 = Release|iPhone
		{FFA2F4C7-0804-4DBF-A470-889EF5B810A0}.Release|ARM.ActiveCfg = Release|iPhoneSimulator
		{FFA2F4C7-0804-4DBF-A470-889EF5B810A0}.Release|iPhone.ActiveCfg = Release|iPhone
		{FFA2F4C7-0804-4DBF-A470-889EF5B810A0}.Release|iPhone.Build.0 = Release|iPhone
		{FFA2F4C7-0804-4DBF-A470-889EF5B810A0}.Release|iPhoneSimulator.ActiveCfg = Release|iPhoneSimulator
		{FFA2F4C7-0804-4DBF-A470-889EF5B810A0}.Release|iPhoneSimulator.Build.0 = Release|iPhoneSimulator
		{FFA2F4C7-0804-4DBF-A470-889EF5B810A0}.Release|x64.ActiveCfg = Release|iPhoneSimulator
		{FFA2F4C7-0804-4DBF-A470-889EF5B810A0}.Release|x86.ActiveCfg = Release|iPhoneSimulator
		{67F9D3A8-F71E-4428-913F-C37AE82CDB24}.Debug|Any CPU.ActiveCfg = Debug|Any CPU
		{67F9D3A8-F71E-4428-913F-C37AE82CDB24}.Debug|Any CPU.Build.0 = Debug|Any CPU
		{67F9D3A8-F71E-4428-913F-C37AE82CDB24}.Debug|ARM.ActiveCfg = Debug|Any CPU
		{67F9D3A8-F71E-4428-913F-C37AE82CDB24}.Debug|ARM.Build.0 = Debug|Any CPU
		{67F9D3A8-F71E-4428-913F-C37AE82CDB24}.Debug|iPhone.ActiveCfg = Debug|Any CPU
		{67F9D3A8-F71E-4428-913F-C37AE82CDB24}.Debug|iPhone.Build.0 = Debug|Any CPU
		{67F9D3A8-F71E-4428-913F-C37AE82CDB24}.Debug|iPhoneSimulator.ActiveCfg = Debug|Any CPU
		{67F9D3A8-F71E-4428-913F-C37AE82CDB24}.Debug|iPhoneSimulator.Build.0 = Debug|Any CPU
		{67F9D3A8-F71E-4428-913F-C37AE82CDB24}.Debug|x64.ActiveCfg = Debug|Any CPU
		{67F9D3A8-F71E-4428-913F-C37AE82CDB24}.Debug|x64.Build.0 = Debug|Any CPU
		{67F9D3A8-F71E-4428-913F-C37AE82CDB24}.Debug|x86.ActiveCfg = Debug|Any CPU
		{67F9D3A8-F71E-4428-913F-C37AE82CDB24}.Debug|x86.Build.0 = Debug|Any CPU
		{67F9D3A8-F71E-4428-913F-C37AE82CDB24}.Release|Any CPU.ActiveCfg = Release|Any CPU
		{67F9D3A8-F71E-4428-913F-C37AE82CDB24}.Release|Any CPU.Build.0 = Release|Any CPU
		{67F9D3A8-F71E-4428-913F-C37AE82CDB24}.Release|ARM.ActiveCfg = Release|Any CPU
		{67F9D3A8-F71E-4428-913F-C37AE82CDB24}.Release|ARM.Build.0 = Release|Any CPU
		{67F9D3A8-F71E-4428-913F-C37AE82CDB24}.Release|iPhone.ActiveCfg = Release|Any CPU
		{67F9D3A8-F71E-4428-913F-C37AE82CDB24}.Release|iPhone.Build.0 = Release|Any CPU
		{67F9D3A8-F71E-4428-913F-C37AE82CDB24}.Release|iPhoneSimulator.ActiveCfg = Release|Any CPU
		{67F9D3A8-F71E-4428-913F-C37AE82CDB24}.Release|iPhoneSimulator.Build.0 = Release|Any CPU
		{67F9D3A8-F71E-4428-913F-C37AE82CDB24}.Release|x64.ActiveCfg = Release|Any CPU
		{67F9D3A8-F71E-4428-913F-C37AE82CDB24}.Release|x64.Build.0 = Release|Any CPU
		{67F9D3A8-F71E-4428-913F-C37AE82CDB24}.Release|x86.ActiveCfg = Release|Any CPU
		{67F9D3A8-F71E-4428-913F-C37AE82CDB24}.Release|x86.Build.0 = Release|Any CPU
		{251F57EF-A4C4-4C66-8BAA-1B0D3D0CD5B9}.Debug|Any CPU.ActiveCfg = Debug|x86
		{251F57EF-A4C4-4C66-8BAA-1B0D3D0CD5B9}.Debug|Any CPU.Build.0 = Debug|x86
		{251F57EF-A4C4-4C66-8BAA-1B0D3D0CD5B9}.Debug|Any CPU.Deploy.0 = Debug|x86
		{251F57EF-A4C4-4C66-8BAA-1B0D3D0CD5B9}.Debug|ARM.ActiveCfg = Debug|ARM
		{251F57EF-A4C4-4C66-8BAA-1B0D3D0CD5B9}.Debug|ARM.Build.0 = Debug|ARM
		{251F57EF-A4C4-4C66-8BAA-1B0D3D0CD5B9}.Debug|ARM.Deploy.0 = Debug|ARM
		{251F57EF-A4C4-4C66-8BAA-1B0D3D0CD5B9}.Debug|iPhone.ActiveCfg = Debug|x86
		{251F57EF-A4C4-4C66-8BAA-1B0D3D0CD5B9}.Debug|iPhoneSimulator.ActiveCfg = Debug|x86
		{251F57EF-A4C4-4C66-8BAA-1B0D3D0CD5B9}.Debug|x64.ActiveCfg = Debug|x64
		{251F57EF-A4C4-4C66-8BAA-1B0D3D0CD5B9}.Debug|x64.Build.0 = Debug|x64
		{251F57EF-A4C4-4C66-8BAA-1B0D3D0CD5B9}.Debug|x64.Deploy.0 = Debug|x64
		{251F57EF-A4C4-4C66-8BAA-1B0D3D0CD5B9}.Debug|x86.ActiveCfg = Debug|x86
		{251F57EF-A4C4-4C66-8BAA-1B0D3D0CD5B9}.Debug|x86.Build.0 = Debug|x86
		{251F57EF-A4C4-4C66-8BAA-1B0D3D0CD5B9}.Debug|x86.Deploy.0 = Debug|x86
		{251F57EF-A4C4-4C66-8BAA-1B0D3D0CD5B9}.Release|Any CPU.ActiveCfg = Release|x86
		{251F57EF-A4C4-4C66-8BAA-1B0D3D0CD5B9}.Release|Any CPU.Build.0 = Release|x86
		{251F57EF-A4C4-4C66-8BAA-1B0D3D0CD5B9}.Release|Any CPU.Deploy.0 = Release|x86
		{251F57EF-A4C4-4C66-8BAA-1B0D3D0CD5B9}.Release|ARM.ActiveCfg = Release|ARM
		{251F57EF-A4C4-4C66-8BAA-1B0D3D0CD5B9}.Release|ARM.Build.0 = Release|ARM
		{251F57EF-A4C4-4C66-8BAA-1B0D3D0CD5B9}.Release|ARM.Deploy.0 = Release|ARM
		{251F57EF-A4C4-4C66-8BAA-1B0D3D0CD5B9}.Release|iPhone.ActiveCfg = Release|x86
		{251F57EF-A4C4-4C66-8BAA-1B0D3D0CD5B9}.Release|iPhoneSimulator.ActiveCfg = Release|x86
		{251F57EF-A4C4-4C66-8BAA-1B0D3D0CD5B9}.Release|x64.ActiveCfg = Release|x64
		{251F57EF-A4C4-4C66-8BAA-1B0D3D0CD5B9}.Release|x64.Build.0 = Release|x64
		{251F57EF-A4C4-4C66-8BAA-1B0D3D0CD5B9}.Release|x64.Deploy.0 = Release|x64
		{251F57EF-A4C4-4C66-8BAA-1B0D3D0CD5B9}.Release|x86.ActiveCfg = Release|x86
		{251F57EF-A4C4-4C66-8BAA-1B0D3D0CD5B9}.Release|x86.Build.0 = Release|x86
		{251F57EF-A4C4-4C66-8BAA-1B0D3D0CD5B9}.Release|x86.Deploy.0 = Release|x86
		{07DE7C59-0783-4CA4-A50E-9227BAA0DD72}.Debug|Any CPU.ActiveCfg = Debug|Any CPU
		{07DE7C59-0783-4CA4-A50E-9227BAA0DD72}.Debug|Any CPU.Build.0 = Debug|Any CPU
		{07DE7C59-0783-4CA4-A50E-9227BAA0DD72}.Debug|ARM.ActiveCfg = Debug|Any CPU
		{07DE7C59-0783-4CA4-A50E-9227BAA0DD72}.Debug|ARM.Build.0 = Debug|Any CPU
		{07DE7C59-0783-4CA4-A50E-9227BAA0DD72}.Debug|iPhone.ActiveCfg = Debug|Any CPU
		{07DE7C59-0783-4CA4-A50E-9227BAA0DD72}.Debug|iPhone.Build.0 = Debug|Any CPU
		{07DE7C59-0783-4CA4-A50E-9227BAA0DD72}.Debug|iPhoneSimulator.ActiveCfg = Debug|Any CPU
		{07DE7C59-0783-4CA4-A50E-9227BAA0DD72}.Debug|iPhoneSimulator.Build.0 = Debug|Any CPU
		{07DE7C59-0783-4CA4-A50E-9227BAA0DD72}.Debug|x64.ActiveCfg = Debug|Any CPU
		{07DE7C59-0783-4CA4-A50E-9227BAA0DD72}.Debug|x64.Build.0 = Debug|Any CPU
		{07DE7C59-0783-4CA4-A50E-9227BAA0DD72}.Debug|x86.ActiveCfg = Debug|Any CPU
		{07DE7C59-0783-4CA4-A50E-9227BAA0DD72}.Debug|x86.Build.0 = Debug|Any CPU
		{07DE7C59-0783-4CA4-A50E-9227BAA0DD72}.Release|Any CPU.ActiveCfg = Release|Any CPU
		{07DE7C59-0783-4CA4-A50E-9227BAA0DD72}.Release|Any CPU.Build.0 = Release|Any CPU
		{07DE7C59-0783-4CA4-A50E-9227BAA0DD72}.Release|ARM.ActiveCfg = Release|Any CPU
		{07DE7C59-0783-4CA4-A50E-9227BAA0DD72}.Release|ARM.Build.0 = Release|Any CPU
		{07DE7C59-0783-4CA4-A50E-9227BAA0DD72}.Release|iPhone.ActiveCfg = Release|Any CPU
		{07DE7C59-0783-4CA4-A50E-9227BAA0DD72}.Release|iPhone.Build.0 = Release|Any CPU
		{07DE7C59-0783-4CA4-A50E-9227BAA0DD72}.Release|iPhoneSimulator.ActiveCfg = Release|Any CPU
		{07DE7C59-0783-4CA4-A50E-9227BAA0DD72}.Release|iPhoneSimulator.Build.0 = Release|Any CPU
		{07DE7C59-0783-4CA4-A50E-9227BAA0DD72}.Release|x64.ActiveCfg = Release|Any CPU
		{07DE7C59-0783-4CA4-A50E-9227BAA0DD72}.Release|x64.Build.0 = Release|Any CPU
		{07DE7C59-0783-4CA4-A50E-9227BAA0DD72}.Release|x86.ActiveCfg = Release|Any CPU
		{07DE7C59-0783-4CA4-A50E-9227BAA0DD72}.Release|x86.Build.0 = Release|Any CPU
	EndGlobalSection
	GlobalSection(SolutionProperties) = preSolution
		HideSolutionNode = FALSE
	EndGlobalSection
	GlobalSection(NestedProjects) = preSolution
		{085A9A7B-1C54-4CB2-ADBA-14B976F2AB41} = {FBC5E607-5213-438D-B6F7-C53CFA4E0ED4}
		{09631EFE-9857-4085-AD25-F94E515CA28F} = {FBC5E607-5213-438D-B6F7-C53CFA4E0ED4}
		{FFA2F4C7-0804-4DBF-A470-889EF5B810A0} = {FBC5E607-5213-438D-B6F7-C53CFA4E0ED4}
		{67F9D3A8-F71E-4428-913F-C37AE82CDB24} = {FBC5E607-5213-438D-B6F7-C53CFA4E0ED4}
		{251F57EF-A4C4-4C66-8BAA-1B0D3D0CD5B9} = {FBC5E607-5213-438D-B6F7-C53CFA4E0ED4}
		{07DE7C59-0783-4CA4-A50E-9227BAA0DD72} = {FBC5E607-5213-438D-B6F7-C53CFA4E0ED4}
	EndGlobalSection
EndGlobal
